// !$*UTF8*$!
{
	archiveVersion = 1;
	classes = {
	};
	objectVersion = 50;
	objects = {

/* Begin PBXBuildFile section */
		4DF6C92A10D4AC8D999F746E /* Pods_Photogallery.framework in Frameworks */ = {isa = PBXBuildFile; fileRef = 425C8EE99FFDCC0F8E50EBE0 /* Pods_Photogallery.framework */; };
		EC759B652504E49400C3F7BA /* AppDelegate.swift in Sources */ = {isa = PBXBuildFile; fileRef = EC759B642504E49400C3F7BA /* AppDelegate.swift */; };
		EC759B672504E49400C3F7BA /* SceneDelegate.swift in Sources */ = {isa = PBXBuildFile; fileRef = EC759B662504E49400C3F7BA /* SceneDelegate.swift */; };
		EC759B692504E49400C3F7BA /* MainTabBarViewController.swift in Sources */ = {isa = PBXBuildFile; fileRef = EC759B682504E49400C3F7BA /* MainTabBarViewController.swift */; };
		EC759B6E2504E49900C3F7BA /* Assets.xcassets in Resources */ = {isa = PBXBuildFile; fileRef = EC759B6D2504E49900C3F7BA /* Assets.xcassets */; };
		EC759B712504E49900C3F7BA /* LaunchScreen.storyboard in Resources */ = {isa = PBXBuildFile; fileRef = EC759B6F2504E49900C3F7BA /* LaunchScreen.storyboard */; };
		EC759B792504E9AF00C3F7BA /* PhotosCollectionViewController.swift in Sources */ = {isa = PBXBuildFile; fileRef = EC759B782504E9AF00C3F7BA /* PhotosCollectionViewController.swift */; };
		EC759B7B2504EA7800C3F7BA /* FavouritesCollectionViewController.swift in Sources */ = {isa = PBXBuildFile; fileRef = EC759B7A2504EA7800C3F7BA /* FavouritesCollectionViewController.swift */; };
		EC759B7D25050FED00C3F7BA /* NetworkService.swift in Sources */ = {isa = PBXBuildFile; fileRef = EC759B7C25050FED00C3F7BA /* NetworkService.swift */; };
		EC759B7F250545FB00C3F7BA /* NetworkDataFetcher.swift in Sources */ = {isa = PBXBuildFile; fileRef = EC759B7E250545FB00C3F7BA /* NetworkDataFetcher.swift */; };
		EC759B812505463B00C3F7BA /* SearchResults.swift in Sources */ = {isa = PBXBuildFile; fileRef = EC759B802505463B00C3F7BA /* SearchResults.swift */; };
		EC759B872506689200C3F7BA /* PhotoCollectionViewCell.swift in Sources */ = {isa = PBXBuildFile; fileRef = EC759B862506689200C3F7BA /* PhotoCollectionViewCell.swift */; };
/* End PBXBuildFile section */

/* Begin PBXFileReference section */
		3F5F0A5BB7D9D7AA74244358 /* Pods-Photogallery.release.xcconfig */ = {isa = PBXFileReference; includeInIndex = 1; lastKnownFileType = text.xcconfig; name = "Pods-Photogallery.release.xcconfig"; path = "Target Support Files/Pods-Photogallery/Pods-Photogallery.release.xcconfig"; sourceTree = "<group>"; };
		425C8EE99FFDCC0F8E50EBE0 /* Pods_Photogallery.framework */ = {isa = PBXFileReference; explicitFileType = wrapper.framework; includeInIndex = 0; path = Pods_Photogallery.framework; sourceTree = BUILT_PRODUCTS_DIR; };
		8AF7FAB2E885352EAE493887 /* Pods-Photogallery.debug.xcconfig */ = {isa = PBXFileReference; includeInIndex = 1; lastKnownFileType = text.xcconfig; name = "Pods-Photogallery.debug.xcconfig"; path = "Target Support Files/Pods-Photogallery/Pods-Photogallery.debug.xcconfig"; sourceTree = "<group>"; };
		EC759B612504E49400C3F7BA /* Photogallery.app */ = {isa = PBXFileReference; explicitFileType = wrapper.application; includeInIndex = 0; path = Photogallery.app; sourceTree = BUILT_PRODUCTS_DIR; };
		EC759B642504E49400C3F7BA /* AppDelegate.swift */ = {isa = PBXFileReference; lastKnownFileType = sourcecode.swift; path = AppDelegate.swift; sourceTree = "<group>"; };
		EC759B662504E49400C3F7BA /* SceneDelegate.swift */ = {isa = PBXFileReference; lastKnownFileType = sourcecode.swift; path = SceneDelegate.swift; sourceTree = "<group>"; };
		EC759B682504E49400C3F7BA /* MainTabBarViewController.swift */ = {isa = PBXFileReference; lastKnownFileType = sourcecode.swift; path = MainTabBarViewController.swift; sourceTree = "<group>"; };
		EC759B6D2504E49900C3F7BA /* Assets.xcassets */ = {isa = PBXFileReference; lastKnownFileType = folder.assetcatalog; path = Assets.xcassets; sourceTree = "<group>"; };
		EC759B702504E49900C3F7BA /* Base */ = {isa = PBXFileReference; lastKnownFileType = file.storyboard; name = Base; path = Base.lproj/LaunchScreen.storyboard; sourceTree = "<group>"; };
		EC759B722504E49900C3F7BA /* Info.plist */ = {isa = PBXFileReference; lastKnownFileType = text.plist.xml; path = Info.plist; sourceTree = "<group>"; };
		EC759B782504E9AF00C3F7BA /* PhotosCollectionViewController.swift */ = {isa = PBXFileReference; lastKnownFileType = sourcecode.swift; path = PhotosCollectionViewController.swift; sourceTree = "<group>"; };
		EC759B7A2504EA7800C3F7BA /* FavouritesCollectionViewController.swift */ = {isa = PBXFileReference; lastKnownFileType = sourcecode.swift; path = FavouritesCollectionViewController.swift; sourceTree = "<group>"; };
		EC759B7C25050FED00C3F7BA /* NetworkService.swift */ = {isa = PBXFileReference; lastKnownFileType = sourcecode.swift; path = NetworkService.swift; sourceTree = "<group>"; };
		EC759B7E250545FB00C3F7BA /* NetworkDataFetcher.swift */ = {isa = PBXFileReference; lastKnownFileType = sourcecode.swift; path = NetworkDataFetcher.swift; sourceTree = "<group>"; };
		EC759B802505463B00C3F7BA /* SearchResults.swift */ = {isa = PBXFileReference; lastKnownFileType = sourcecode.swift; path = SearchResults.swift; sourceTree = "<group>"; };
		EC759B862506689200C3F7BA /* PhotoCollectionViewCell.swift */ = {isa = PBXFileReference; lastKnownFileType = sourcecode.swift; path = PhotoCollectionViewCell.swift; sourceTree = "<group>"; };
/* End PBXFileReference section */

/* Begin PBXFrameworksBuildPhase section */
		EC759B5E2504E49400C3F7BA /* Frameworks */ = {
			isa = PBXFrameworksBuildPhase;
			buildActionMask = 2147483647;
			files = (
				4DF6C92A10D4AC8D999F746E /* Pods_Photogallery.framework in Frameworks */,
			);
			runOnlyForDeploymentPostprocessing = 0;
		};
/* End PBXFrameworksBuildPhase section */

/* Begin PBXGroup section */
		161CDB44870B521CE6B6FD7F /* Pods */ = {
			isa = PBXGroup;
			children = (
				8AF7FAB2E885352EAE493887 /* Pods-Photogallery.debug.xcconfig */,
				3F5F0A5BB7D9D7AA74244358 /* Pods-Photogallery.release.xcconfig */,
			);
			name = Pods;
			path = Pods;
			sourceTree = "<group>";
		};
		30AC906CCE709D7FE74335D1 /* Frameworks */ = {
			isa = PBXGroup;
			children = (
				425C8EE99FFDCC0F8E50EBE0 /* Pods_Photogallery.framework */,
			);
			name = Frameworks;
			sourceTree = "<group>";
		};
		EC759B582504E49400C3F7BA = {
			isa = PBXGroup;
			children = (
				EC759B632504E49400C3F7BA /* Photogallery */,
				EC759B622504E49400C3F7BA /* Products */,
				161CDB44870B521CE6B6FD7F /* Pods */,
				30AC906CCE709D7FE74335D1 /* Frameworks */,
			);
			sourceTree = "<group>";
		};
		EC759B622504E49400C3F7BA /* Products */ = {
			isa = PBXGroup;
			children = (
				EC759B612504E49400C3F7BA /* Photogallery.app */,
			);
			name = Products;
			sourceTree = "<group>";
		};
		EC759B632504E49400C3F7BA /* Photogallery */ = {
			isa = PBXGroup;
			children = (
				EC759B84250666B200C3F7BA /* Model */,
				EC759B832506662B00C3F7BA /* Services */,
				EC759B822505464A00C3F7BA /* Controllers */,
				EC759B642504E49400C3F7BA /* AppDelegate.swift */,
				EC759B662504E49400C3F7BA /* SceneDelegate.swift */,
				EC759B6D2504E49900C3F7BA /* Assets.xcassets */,
				EC759B6F2504E49900C3F7BA /* LaunchScreen.storyboard */,
				EC759B722504E49900C3F7BA /* Info.plist */,
			);
			path = Photogallery;
			sourceTree = "<group>";
		};
		EC759B822505464A00C3F7BA /* Controllers */ = {
			isa = PBXGroup;
			children = (
				EC759B852506688000C3F7BA /* Cell */,
				EC759B682504E49400C3F7BA /* MainTabBarViewController.swift */,
				EC759B782504E9AF00C3F7BA /* PhotosCollectionViewController.swift */,
				EC759B7A2504EA7800C3F7BA /* FavouritesCollectionViewController.swift */,
			);
			path = Controllers;
			sourceTree = "<group>";
		};
		EC759B832506662B00C3F7BA /* Services */ = {
			isa = PBXGroup;
			children = (
				EC759B7C25050FED00C3F7BA /* NetworkService.swift */,
				EC759B7E250545FB00C3F7BA /* NetworkDataFetcher.swift */,
			);
			path = Services;
			sourceTree = "<group>";
		};
		EC759B84250666B200C3F7BA /* Model */ = {
			isa = PBXGroup;
			children = (
				EC759B802505463B00C3F7BA /* SearchResults.swift */,
			);
			path = Model;
			sourceTree = "<group>";
		};
		EC759B852506688000C3F7BA /* Cell */ = {
			isa = PBXGroup;
			children = (
				EC759B862506689200C3F7BA /* PhotoCollectionViewCell.swift */,
			);
			path = Cell;
			sourceTree = "<group>";
		};
/* End PBXGroup section */

/* Begin PBXNativeTarget section */
		EC759B602504E49400C3F7BA /* Photogallery */ = {
			isa = PBXNativeTarget;
			buildConfigurationList = EC759B752504E49A00C3F7BA /* Build configuration list for PBXNativeTarget "Photogallery" */;
			buildPhases = (
				17F142445FE18796F3EC908F /* [CP] Check Pods Manifest.lock */,
				EC759B5D2504E49400C3F7BA /* Sources */,
				EC759B5E2504E49400C3F7BA /* Frameworks */,
				EC759B5F2504E49400C3F7BA /* Resources */,
				15FA0A60324CD1D5A2E9AAF6 /* [CP] Embed Pods Frameworks */,
			);
			buildRules = (
			);
			dependencies = (
			);
			name = Photogallery;
			productName = Photogallery;
			productReference = EC759B612504E49400C3F7BA /* Photogallery.app */;
			productType = "com.apple.product-type.application";
		};
/* End PBXNativeTarget section */

/* Begin PBXProject section */
		EC759B592504E49400C3F7BA /* Project object */ = {
			isa = PBXProject;
			attributes = {
				LastSwiftUpdateCheck = 1160;
				LastUpgradeCheck = 1160;
				ORGANIZATIONNAME = "Roman Oliinyk";
				TargetAttributes = {
					EC759B602504E49400C3F7BA = {
						CreatedOnToolsVersion = 11.6;
					};
				};
			};
			buildConfigurationList = EC759B5C2504E49400C3F7BA /* Build configuration list for PBXProject "Photogallery" */;
			compatibilityVersion = "Xcode 9.3";
			developmentRegion = en;
			hasScannedForEncodings = 0;
			knownRegions = (
				en,
				Base,
			);
			mainGroup = EC759B582504E49400C3F7BA;
			productRefGroup = EC759B622504E49400C3F7BA /* Products */;
			projectDirPath = "";
			projectRoot = "";
			targets = (
				EC759B602504E49400C3F7BA /* Photogallery */,
			);
		};
/* End PBXProject section */

/* Begin PBXResourcesBuildPhase section */
		EC759B5F2504E49400C3F7BA /* Resources */ = {
			isa = PBXResourcesBuildPhase;
			buildActionMask = 2147483647;
			files = (
				EC759B712504E49900C3F7BA /* LaunchScreen.storyboard in Resources */,
				EC759B6E2504E49900C3F7BA /* Assets.xcassets in Resources */,
			);
			runOnlyForDeploymentPostprocessing = 0;
		};
/* End PBXResourcesBuildPhase section */

/* Begin PBXShellScriptBuildPhase section */
		15FA0A60324CD1D5A2E9AAF6 /* [CP] Embed Pods Frameworks */ = {
			isa = PBXShellScriptBuildPhase;
			buildActionMask = 2147483647;
			files = (
			);
			inputFileListPaths = (
				"${PODS_ROOT}/Target Support Files/Pods-Photogallery/Pods-Photogallery-frameworks-${CONFIGURATION}-input-files.xcfilelist",
			);
			name = "[CP] Embed Pods Frameworks";
			outputFileListPaths = (
				"${PODS_ROOT}/Target Support Files/Pods-Photogallery/Pods-Photogallery-frameworks-${CONFIGURATION}-output-files.xcfilelist",
			);
			runOnlyForDeploymentPostprocessing = 0;
			shellPath = /bin/sh;
			shellScript = "\"${PODS_ROOT}/Target Support Files/Pods-Photogallery/Pods-Photogallery-frameworks.sh\"\n";
			showEnvVarsInLog = 0;
		};
		17F142445FE18796F3EC908F /* [CP] Check Pods Manifest.lock */ = {
			isa = PBXShellScriptBuildPhase;
			buildActionMask = 2147483647;
			files = (
			);
			inputFileListPaths = (
			);
			inputPaths = (
				"${PODS_PODFILE_DIR_PATH}/Podfile.lock",
				"${PODS_ROOT}/Manifest.lock",
			);
			name = "[CP] Check Pods Manifest.lock";
			outputFileListPaths = (
			);
			outputPaths = (
				"$(DERIVED_FILE_DIR)/Pods-Photogallery-checkManifestLockResult.txt",
			);
			runOnlyForDeploymentPostprocessing = 0;
			shellPath = /bin/sh;
			shellScript = "diff \"${PODS_PODFILE_DIR_PATH}/Podfile.lock\" \"${PODS_ROOT}/Manifest.lock\" > /dev/null\nif [ $? != 0 ] ; then\n    # print error to STDERR\n    echo \"error: The sandbox is not in sync with the Podfile.lock. Run 'pod install' or update your CocoaPods installation.\" >&2\n    exit 1\nfi\n# This output is used by Xcode 'outputs' to avoid re-running this script phase.\necho \"SUCCESS\" > \"${SCRIPT_OUTPUT_FILE_0}\"\n";
			showEnvVarsInLog = 0;
		};
/* End PBXShellScriptBuildPhase section */

/* Begin PBXSourcesBuildPhase section */
		EC759B5D2504E49400C3F7BA /* Sources */ = {
			isa = PBXSourcesBuildPhase;
			buildActionMask = 2147483647;
			files = (
				EC759B7F250545FB00C3F7BA /* NetworkDataFetcher.swift in Sources */,
				EC759B692504E49400C3F7BA /* MainTabBarViewController.swift in Sources */,
				EC759B7B2504EA7800C3F7BA /* FavouritesCollectionViewController.swift in Sources */,
				EC759B652504E49400C3F7BA /* AppDelegate.swift in Sources */,
				EC759B672504E49400C3F7BA /* SceneDelegate.swift in Sources */,
				EC759B872506689200C3F7BA /* PhotoCollectionViewCell.swift in Sources */,
				EC759B7D25050FED00C3F7BA /* NetworkService.swift in Sources */,
				EC759B812505463B00C3F7BA /* SearchResults.swift in Sources */,
				EC759B792504E9AF00C3F7BA /* PhotosCollectionViewController.swift in Sources */,
			);
			runOnlyForDeploymentPostprocessing = 0;
		};
/* End PBXSourcesBuildPhase section */

/* Begin PBXVariantGroup section */
		EC759B6F2504E49900C3F7BA /* LaunchScreen.storyboard */ = {
			isa = PBXVariantGroup;
			children = (
				EC759B702504E49900C3F7BA /* Base */,
			);
			name = LaunchScreen.storyboard;
			sourceTree = "<group>";
		};
/* End PBXVariantGroup section */

/* Begin XCBuildConfiguration section */
		EC759B732504E49900C3F7BA /* Debug */ = {
			isa = XCBuildConfiguration;
			buildSettings = {
				ALWAYS_SEARCH_USER_PATHS = NO;
				CLANG_ANALYZER_NONNULL = YES;
				CLANG_ANALYZER_NUMBER_OBJECT_CONVERSION = YES_AGGRESSIVE;
				CLANG_CXX_LANGUAGE_STANDARD = "gnu++14";
				CLANG_CXX_LIBRARY = "libc++";
				CLANG_ENABLE_MODULES = YES;
				CLANG_ENABLE_OBJC_ARC = YES;
				CLANG_ENABLE_OBJC_WEAK = YES;
				CLANG_WARN_BLOCK_CAPTURE_AUTORELEASING = YES;
				CLANG_WARN_BOOL_CONVERSION = YES;
				CLANG_WARN_COMMA = YES;
				CLANG_WARN_CONSTANT_CONVERSION = YES;
				CLANG_WARN_DEPRECATED_OBJC_IMPLEMENTATIONS = YES;
				CLANG_WARN_DIRECT_OBJC_ISA_USAGE = YES_ERROR;
				CLANG_WARN_DOCUMENTATION_COMMENTS = YES;
				CLANG_WARN_EMPTY_BODY = YES;
				CLANG_WARN_ENUM_CONVERSION = YES;
				CLANG_WARN_INFINITE_RECURSION = YES;
				CLANG_WARN_INT_CONVERSION = YES;
				CLANG_WARN_NON_LITERAL_NULL_CONVERSION = YES;
				CLANG_WARN_OBJC_IMPLICIT_RETAIN_SELF = YES;
				CLANG_WARN_OBJC_LITERAL_CONVERSION = YES;
				CLANG_WARN_OBJC_ROOT_CLASS = YES_ERROR;
				CLANG_WARN_RANGE_LOOP_ANALYSIS = YES;
				CLANG_WARN_STRICT_PROTOTYPES = YES;
				CLANG_WARN_SUSPICIOUS_MOVE = YES;
				CLANG_WARN_UNGUARDED_AVAILABILITY = YES_AGGRESSIVE;
				CLANG_WARN_UNREACHABLE_CODE = YES;
				CLANG_WARN__DUPLICATE_METHOD_MATCH = YES;
				COPY_PHASE_STRIP = NO;
				DEBUG_INFORMATION_FORMAT = dwarf;
				ENABLE_STRICT_OBJC_MSGSEND = YES;
				ENABLE_TESTABILITY = YES;
				GCC_C_LANGUAGE_STANDARD = gnu11;
				GCC_DYNAMIC_NO_PIC = NO;
				GCC_NO_COMMON_BLOCKS = YES;
				GCC_OPTIMIZATION_LEVEL = 0;
				GCC_PREPROCESSOR_DEFINITIONS = (
					"DEBUG=1",
					"$(inherited)",
				);
				GCC_WARN_64_TO_32_BIT_CONVERSION = YES;
				GCC_WARN_ABOUT_RETURN_TYPE = YES_ERROR;
				GCC_WARN_UNDECLARED_SELECTOR = YES;
				GCC_WARN_UNINITIALIZED_AUTOS = YES_AGGRESSIVE;
				GCC_WARN_UNUSED_FUNCTION = YES;
				GCC_WARN_UNUSED_VARIABLE = YES;
				IPHONEOS_DEPLOYMENT_TARGET = 13.6;
				MTL_ENABLE_DEBUG_INFO = INCLUDE_SOURCE;
				MTL_FAST_MATH = YES;
				ONLY_ACTIVE_ARCH = YES;
				SDKROOT = iphoneos;
				SWIFT_ACTIVE_COMPILATION_CONDITIONS = DEBUG;
				SWIFT_OPTIMIZATION_LEVEL = "-Onone";
			};
			name = Debug;
		};
		EC759B742504E49900C3F7BA /* Release */ = {
			isa = XCBuildConfiguration;
			buildSettings = {
				ALWAYS_SEARCH_USER_PATHS = NO;
				CLANG_ANALYZER_NONNULL = YES;
				CLANG_ANALYZER_NUMBER_OBJECT_CONVERSION = YES_AGGRESSIVE;
				CLANG_CXX_LANGUAGE_STANDARD = "gnu++14";
				CLANG_CXX_LIBRARY = "libc++";
				CLANG_ENABLE_MODULES = YES;
				CLANG_ENABLE_OBJC_ARC = YES;
				CLANG_ENABLE_OBJC_WEAK = YES;
				CLANG_WARN_BLOCK_CAPTURE_AUTORELEASING = YES;
				CLANG_WARN_BOOL_CONVERSION = YES;
				CLANG_WARN_COMMA = YES;
				CLANG_WARN_CONSTANT_CONVERSION = YES;
				CLANG_WARN_DEPRECATED_OBJC_IMPLEMENTATIONS = YES;
				CLANG_WARN_DIRECT_OBJC_ISA_USAGE = YES_ERROR;
				CLANG_WARN_DOCUMENTATION_COMMENTS = YES;
				CLANG_WARN_EMPTY_BODY = YES;
				CLANG_WARN_ENUM_CONVERSION = YES;
				CLANG_WARN_INFINITE_RECURSION = YES;
				CLANG_WARN_INT_CONVERSION = YES;
				CLANG_WARN_NON_LITERAL_NULL_CONVERSION = YES;
				CLANG_WARN_OBJC_IMPLICIT_RETAIN_SELF = YES;
				CLANG_WARN_OBJC_LITERAL_CONVERSION = YES;
				CLANG_WARN_OBJC_ROOT_CLASS = YES_ERROR;
				CLANG_WARN_RANGE_LOOP_ANALYSIS = YES;
				CLANG_WARN_STRICT_PROTOTYPES = YES;
				CLANG_WARN_SUSPICIOUS_MOVE = YES;
				CLANG_WARN_UNGUARDED_AVAILABILITY = YES_AGGRESSIVE;
				CLANG_WARN_UNREACHABLE_CODE = YES;
				CLANG_WARN__DUPLICATE_METHOD_MATCH = YES;
				COPY_PHASE_STRIP = NO;
				DEBUG_INFORMATION_FORMAT = "dwarf-with-dsym";
				ENABLE_NS_ASSERTIONS = NO;
				ENABLE_STRICT_OBJC_MSGSEND = YES;
				GCC_C_LANGUAGE_STANDARD = gnu11;
				GCC_NO_COMMON_BLOCKS = YES;
				GCC_WARN_64_TO_32_BIT_CONVERSION = YES;
				GCC_WARN_ABOUT_RETURN_TYPE = YES_ERROR;
				GCC_WARN_UNDECLARED_SELECTOR = YES;
				GCC_WARN_UNINITIALIZED_AUTOS = YES_AGGRESSIVE;
				GCC_WARN_UNUSED_FUNCTION = YES;
				GCC_WARN_UNUSED_VARIABLE = YES;
				IPHONEOS_DEPLOYMENT_TARGET = 13.6;
				MTL_ENABLE_DEBUG_INFO = NO;
				MTL_FAST_MATH = YES;
				SDKROOT = iphoneos;
				SWIFT_COMPILATION_MODE = wholemodule;
				SWIFT_OPTIMIZATION_LEVEL = "-O";
				VALIDATE_PRODUCT = YES;
			};
			name = Release;
		};
		EC759B762504E49A00C3F7BA /* Debug */ = {
			isa = XCBuildConfiguration;
			baseConfigurationReference = 8AF7FAB2E885352EAE493887 /* Pods-Photogallery.debug.xcconfig */;
			buildSettings = {
				ASSETCATALOG_COMPILER_APPICON_NAME = AppIcon;
				CODE_SIGN_STYLE = Automatic;
				DEVELOPMENT_TEAM = TA55CRFVW8;
				INFOPLIST_FILE = Photogallery/Info.plist;
				IPHONEOS_DEPLOYMENT_TARGET = 13.0;
				LD_RUNPATH_SEARCH_PATHS = (
					"$(inherited)",
					"@executable_path/Frameworks",
				);
				PRODUCT_BUNDLE_IDENTIFIER = tw3ee.com.Photogallery;
				PRODUCT_NAME = "$(TARGET_NAME)";
				SWIFT_VERSION = 5.0;
				TARGETED_DEVICE_FAMILY = "1,2";
			};
			name = Debug;
		};
		EC759B772504E49A00C3F7BA /* Release */ = {
			isa = XCBuildConfiguration;
			baseConfigurationReference = 3F5F0A5BB7D9D7AA74244358 /* Pods-Photogallery.release.xcconfig */;
			buildSettings = {
				ASSETCATALOG_COMPILER_APPICON_NAME = AppIcon;
				CODE_SIGN_STYLE = Automatic;
				DEVELOPMENT_TEAM = TA55CRFVW8;
				INFOPLIST_FILE = Photogallery/Info.plist;
				IPHONEOS_DEPLOYMENT_TARGET = 13.0;
				LD_RUNPATH_SEARCH_PATHS = (
					"$(inherited)",
					"@executable_path/Frameworks",
				);
				PRODUCT_BUNDLE_IDENTIFIER = tw3ee.com.Photogallery;
				PRODUCT_NAME = "$(TARGET_NAME)";
				SWIFT_VERSION = 5.0;
				TARGETED_DEVICE_FAMILY = "1,2";
			};
			name = Release;
		};
/* End XCBuildConfiguration section */

/* Begin XCConfigurationList section */
		EC759B5C2504E49400C3F7BA /* Build configuration list for PBXProject "Photogallery" */ = {
			isa = XCConfigurationList;
			buildConfigurations = (
				EC759B732504E49900C3F7BA /* Debug */,
				EC759B742504E49900C3F7BA /* Release */,
			);
			defaultConfigurationIsVisible = 0;
			defaultConfigurationName = Release;
		};
		EC759B752504E49A00C3F7BA /* Build configuration list for PBXNativeTarget "Photogallery" */ = {
			isa = XCConfigurationList;
			buildConfigurations = (
				EC759B762504E49A00C3F7BA /* Debug */,
				EC759B772504E49A00C3F7BA /* Release */,
			);
			defaultConfigurationIsVisible = 0;
			defaultConfigurationName = Release;
		};
/* End XCConfigurationList section */
	};
	rootObject = EC759B592504E49400C3F7BA /* Project object */;
}
